
Microsoft Visual Studio Solution File, Format Version 12.00
# Visual Studio Version 16
VisualStudioVersion = 16.0.30907.101
MinimumVisualStudioVersion = 10.0.40219.1
Project("{00D1A9C2-B5F0-4AF3-8072-F6C62B433612}") = "BigShopDB", "BigShopDB\BigShopDB.sqlproj", "{FBD8F41D-7065-48AE-80A5-2F96E00B772C}"
EndProject
Project("{9A19103F-16F7-4668-BE54-9A1E7A4F7556}") = "BigShop.DataAccess", "BigShop.DataAccess\BigShop.DataAccess.csproj", "{6DB27F98-58C9-4C8E-8897-145CF109D410}"
EndProject
Project("{9A19103F-16F7-4668-BE54-9A1E7A4F7556}") = "BigShop.Models", "BigShop.Models\BigShop.Models.csproj", "{4DD43FEE-7305-4049-A98E-9388B14BE04F}"
EndProject
Project("{9A19103F-16F7-4668-BE54-9A1E7A4F7556}") = "BigShop.Web", "BigShop.Web\BigShop.Web.csproj", "{0ABB079A-3257-431C-9813-87CB4C4985E6}"
EndProject
Project("{9A19103F-16F7-4668-BE54-9A1E7A4F7556}") = "BigShop.Repository", "..\BigShop.Repository\BigShop.Repository.csproj", "{D3599947-A0C9-4AC1-8BAF-6938B5432CA8}"
EndProject
Project("{FAE04EC0-301F-11D3-BF4B-00C04F79EFBC}") = "BigShop.Identity", "BigShop.Identity\BigShop.Identity.csproj", "{A35D7687-8207-452F-9FC1-CA1B7C5BE8BD}"
EndProject
Project("{FAE04EC0-301F-11D3-BF4B-00C04F79EFBC}") = "BigShop.Services", "..\BigShop.Services\BigShop.Services.csproj", "{CA94FFE7-92C5-40B8-A2BE-A9DCD9377EDA}"
EndProject
Global
	GlobalSection(SolutionConfigurationPlatforms) = preSolution
		Debug|Any CPU = Debug|Any CPU
		Release|Any CPU = Release|Any CPU
	EndGlobalSection
	GlobalSection(ProjectConfigurationPlatforms) = postSolution
		{FBD8F41D-7065-48AE-80A5-2F96E00B772C}.Debug|Any CPU.ActiveCfg = Debug|Any CPU
		{FBD8F41D-7065-48AE-80A5-2F96E00B772C}.Debug|Any CPU.Build.0 = Debug|Any CPU
		{FBD8F41D-7065-48AE-80A5-2F96E00B772C}.Debug|Any CPU.Deploy.0 = Debug|Any CPU
		{FBD8F41D-7065-48AE-80A5-2F96E00B772C}.Release|Any CPU.ActiveCfg = Release|Any CPU
		{FBD8F41D-7065-48AE-80A5-2F96E00B772C}.Release|Any CPU.Build.0 = Release|Any CPU
		{FBD8F41D-7065-48AE-80A5-2F96E00B772C}.Release|Any CPU.Deploy.0 = Release|Any CPU
		{6DB27F98-58C9-4C8E-8897-145CF109D410}.Debug|Any CPU.ActiveCfg = Debug|Any CPU
		{6DB27F98-58C9-4C8E-8897-145CF109D410}.Debug|Any CPU.Build.0 = Debug|Any CPU
		{6DB27F98-58C9-4C8E-8897-145CF109D410}.Release|Any CPU.ActiveCfg = Release|Any CPU
		{6DB27F98-58C9-4C8E-8897-145CF109D410}.Release|Any CPU.Build.0 = Release|Any CPU
		{4DD43FEE-7305-4049-A98E-9388B14BE04F}.Debug|Any CPU.ActiveCfg = Debug|Any CPU
		{4DD43FEE-7305-4049-A98E-9388B14BE04F}.Debug|Any CPU.Build.0 = Debug|Any CPU
		{4DD43FEE-7305-4049-A98E-9388B14BE04F}.Release|Any CPU.ActiveCfg = Release|Any CPU
		{4DD43FEE-7305-4049-A98E-9388B14BE04F}.Release|Any CPU.Build.0 = Release|Any CPU
		{0ABB079A-3257-431C-9813-87CB4C4985E6}.Debug|Any CPU.ActiveCfg = Debug|Any CPU
		{0ABB079A-3257-431C-9813-87CB4C4985E6}.Debug|Any CPU.Build.0 = Debug|Any CPU
		{0ABB079A-3257-431C-9813-87CB4C4985E6}.Release|Any CPU.ActiveCfg = Release|Any CPU
		{0ABB079A-3257-431C-9813-87CB4C4985E6}.Release|Any CPU.Build.0 = Release|Any CPU
		{D3599947-A0C9-4AC1-8BAF-6938B5432CA8}.Debug|Any CPU.ActiveCfg = Debug|Any CPU
		{D3599947-A0C9-4AC1-8BAF-6938B5432CA8}.Debug|Any CPU.Build.0 = Debug|Any CPU
		{D3599947-A0C9-4AC1-8BAF-6938B5432CA8}.Release|Any CPU.ActiveCfg = Release|Any CPU
		{D3599947-A0C9-4AC1-8BAF-6938B5432CA8}.Release|Any CPU.Build.0 = Release|Any CPU
		{A35D7687-8207-452F-9FC1-CA1B7C5BE8BD}.Debug|Any CPU.ActiveCfg = Debug|Any CPU
		{A35D7687-8207-452F-9FC1-CA1B7C5BE8BD}.Debug|Any CPU.Build.0 = Debug|Any CPU
		{A35D7687-8207-452F-9FC1-CA1B7C5BE8BD}.Release|Any CPU.ActiveCfg = Release|Any CPU
		{A35D7687-8207-452F-9FC1-CA1B7C5BE8BD}.Release|Any CPU.Build.0 = Release|Any CPU
		{CA94FFE7-92C5-40B8-A2BE-A9DCD9377EDA}.Debug|Any CPU.ActiveCfg = Debug|Any CPU
		{CA94FFE7-92C5-40B8-A2BE-A9DCD9377EDA}.Debug|Any CPU.Build.0 = Debug|Any CPU
		{CA94FFE7-92C5-40B8-A2BE-A9DCD9377EDA}.Release|Any CPU.ActiveCfg = Release|Any CPU
		{CA94FFE7-92C5-40B8-A2BE-A9DCD9377EDA}.Release|Any CPU.Build.0 = Release|Any CPU
	EndGlobalSection
	GlobalSection(SolutionProperties) = preSolution
		HideSolutionNode = FALSE
	EndGlobalSection
	GlobalSection(ExtensibilityGlobals) = postSolution
		SolutionGuid = {E9EA5D05-4919-463D-BFBC-A951A72C0E42}
	EndGlobalSection
EndGlobal
